// !$*UTF8*$!
{
	archiveVersion = 1;
	classes = {
	};
	objectVersion = 52;
	objects = {

/* Begin PBXBuildFile section */
		3AC9F963653096278979B6FD /* Pods_SimpleAuthorizationWithRest.framework in Frameworks */ = {isa = PBXBuildFile; fileRef = 1D9032183BD82D997E9CC269 /* Pods_SimpleAuthorizationWithRest.framework */; };
		515EDEE0282A8043D5C84354 /* Pods_SimpleAuthorizationWithRestTests.framework in Frameworks */ = {isa = PBXBuildFile; fileRef = 6F5AF2F4711B17077F17A58D /* Pods_SimpleAuthorizationWithRestTests.framework */; };
		54835E4B77E1B4E0B1522B7C /* Pods_SimpleAuthorizationWithRest_SimpleAuthorizationWithRestUITests.framework in Frameworks */ = {isa = PBXBuildFile; fileRef = C28B8EFFC650D7AF9C57B7DB /* Pods_SimpleAuthorizationWithRest_SimpleAuthorizationWithRestUITests.framework */; };
		72020E8126999AF40073E147 /* UserStruct.swift in Sources */ = {isa = PBXBuildFile; fileRef = 72020E8026999AF40073E147 /* UserStruct.swift */; };
		72020E8C26999C6B0073E147 /* ResponseData.swift in Sources */ = {isa = PBXBuildFile; fileRef = 72020E8B26999C6B0073E147 /* ResponseData.swift */; };
		7248A695269703D200A5C2D7 /* Buttons.swift in Sources */ = {isa = PBXBuildFile; fileRef = 7248A694269703D200A5C2D7 /* Buttons.swift */; };
		7248A69A269706B900A5C2D7 /* LoginViewController.swift in Sources */ = {isa = PBXBuildFile; fileRef = 7248A699269706B900A5C2D7 /* LoginViewController.swift */; };
		7248A69F269706C600A5C2D7 /* SignUpViewController.swift in Sources */ = {isa = PBXBuildFile; fileRef = 7248A69E269706C600A5C2D7 /* SignUpViewController.swift */; };
		7248A6A4269707A900A5C2D7 /* TextFieldStyle.swift in Sources */ = {isa = PBXBuildFile; fileRef = 7248A6A3269707A900A5C2D7 /* TextFieldStyle.swift */; };
		724C89122690357C00ACA77B /* AppDelegate.swift in Sources */ = {isa = PBXBuildFile; fileRef = 724C89112690357C00ACA77B /* AppDelegate.swift */; };
		724C89142690357C00ACA77B /* SceneDelegate.swift in Sources */ = {isa = PBXBuildFile; fileRef = 724C89132690357C00ACA77B /* SceneDelegate.swift */; };
		724C89162690357C00ACA77B /* ViewController.swift in Sources */ = {isa = PBXBuildFile; fileRef = 724C89152690357C00ACA77B /* ViewController.swift */; };
		724C89192690357C00ACA77B /* Main.storyboard in Resources */ = {isa = PBXBuildFile; fileRef = 724C89172690357C00ACA77B /* Main.storyboard */; };
		724C891B2690357D00ACA77B /* Assets.xcassets in Resources */ = {isa = PBXBuildFile; fileRef = 724C891A2690357D00ACA77B /* Assets.xcassets */; };
		724C891E2690357D00ACA77B /* LaunchScreen.storyboard in Resources */ = {isa = PBXBuildFile; fileRef = 724C891C2690357D00ACA77B /* LaunchScreen.storyboard */; };
		724C89292690357D00ACA77B /* SimpleAuthorizationWithRestTests.swift in Sources */ = {isa = PBXBuildFile; fileRef = 724C89282690357D00ACA77B /* SimpleAuthorizationWithRestTests.swift */; };
		72667BE426A9820800DFCF90 /* SimpleLoginTest.swift in Sources */ = {isa = PBXBuildFile; fileRef = 72667BE326A9820800DFCF90 /* SimpleLoginTest.swift */; };
		7266E4D82696FF830084E6CC /* HomeViewController.swift in Sources */ = {isa = PBXBuildFile; fileRef = 7266E4D72696FF830084E6CC /* HomeViewController.swift */; };
		7266E4E2269701780084E6CC /* Constants.swift in Sources */ = {isa = PBXBuildFile; fileRef = 7266E4E1269701780084E6CC /* Constants.swift */; };
		72DCB6632692599500631980 /* HelperApi.swift in Sources */ = {isa = PBXBuildFile; fileRef = 72DCB6622692599500631980 /* HelperApi.swift */; };
		72DCB67726925A1B00631980 /* Alamofire in Frameworks */ = {isa = PBXBuildFile; productRef = 72DCB67626925A1B00631980 /* Alamofire */; };
		72FA082F26983E1A00A6879B /* UserToken.swift in Sources */ = {isa = PBXBuildFile; fileRef = 72FA082E26983E1A00A6879B /* UserToken.swift */; };
/* End PBXBuildFile section */

/* Begin PBXContainerItemProxy section */
		724C89252690357D00ACA77B /* PBXContainerItemProxy */ = {
			isa = PBXContainerItemProxy;
			containerPortal = 724C89062690357C00ACA77B /* Project object */;
			proxyType = 1;
			remoteGlobalIDString = 724C890D2690357C00ACA77B;
			remoteInfo = SimpleAuthorizationWithRest;
		};
		724C89302690357D00ACA77B /* PBXContainerItemProxy */ = {
			isa = PBXContainerItemProxy;
			containerPortal = 724C89062690357C00ACA77B /* Project object */;
			proxyType = 1;
			remoteGlobalIDString = 724C890D2690357C00ACA77B;
			remoteInfo = SimpleAuthorizationWithRest;
		};
/* End PBXContainerItemProxy section */

/* Begin PBXFileReference section */
		1D9032183BD82D997E9CC269 /* Pods_SimpleAuthorizationWithRest.framework */ = {isa = PBXFileReference; explicitFileType = wrapper.framework; includeInIndex = 0; path = Pods_SimpleAuthorizationWithRest.framework; sourceTree = BUILT_PRODUCTS_DIR; };
		326E3A9FFC8085CF9D853A06 /* Pods-SimpleAuthorizationWithRest-SimpleAuthorizationWithRestUITests.release.xcconfig */ = {isa = PBXFileReference; includeInIndex = 1; lastKnownFileType = text.xcconfig; name = "Pods-SimpleAuthorizationWithRest-SimpleAuthorizationWithRestUITests.release.xcconfig"; path = "Target Support Files/Pods-SimpleAuthorizationWithRest-SimpleAuthorizationWithRestUITests/Pods-SimpleAuthorizationWithRest-SimpleAuthorizationWithRestUITests.release.xcconfig"; sourceTree = "<group>"; };
		44B1A4BEF8E850140A41C935 /* Pods-SimpleAuthorizationWithRest.release.xcconfig */ = {isa = PBXFileReference; includeInIndex = 1; lastKnownFileType = text.xcconfig; name = "Pods-SimpleAuthorizationWithRest.release.xcconfig"; path = "Target Support Files/Pods-SimpleAuthorizationWithRest/Pods-SimpleAuthorizationWithRest.release.xcconfig"; sourceTree = "<group>"; };
		4A38A61F42B7005A9D0A3F10 /* Pods-SimpleAuthorizationWithRestTests.debug.xcconfig */ = {isa = PBXFileReference; includeInIndex = 1; lastKnownFileType = text.xcconfig; name = "Pods-SimpleAuthorizationWithRestTests.debug.xcconfig"; path = "Target Support Files/Pods-SimpleAuthorizationWithRestTests/Pods-SimpleAuthorizationWithRestTests.debug.xcconfig"; sourceTree = "<group>"; };
		6F5AF2F4711B17077F17A58D /* Pods_SimpleAuthorizationWithRestTests.framework */ = {isa = PBXFileReference; explicitFileType = wrapper.framework; includeInIndex = 0; path = Pods_SimpleAuthorizationWithRestTests.framework; sourceTree = BUILT_PRODUCTS_DIR; };
		72020E8026999AF40073E147 /* UserStruct.swift */ = {isa = PBXFileReference; lastKnownFileType = sourcecode.swift; path = UserStruct.swift; sourceTree = "<group>"; };
		72020E8B26999C6B0073E147 /* ResponseData.swift */ = {isa = PBXFileReference; lastKnownFileType = sourcecode.swift; path = ResponseData.swift; sourceTree = "<group>"; };
		7248A694269703D200A5C2D7 /* Buttons.swift */ = {isa = PBXFileReference; lastKnownFileType = sourcecode.swift; path = Buttons.swift; sourceTree = "<group>"; };
		7248A699269706B900A5C2D7 /* LoginViewController.swift */ = {isa = PBXFileReference; lastKnownFileType = sourcecode.swift; path = LoginViewController.swift; sourceTree = "<group>"; };
		7248A69E269706C600A5C2D7 /* SignUpViewController.swift */ = {isa = PBXFileReference; lastKnownFileType = sourcecode.swift; path = SignUpViewController.swift; sourceTree = "<group>"; };
		7248A6A3269707A900A5C2D7 /* TextFieldStyle.swift */ = {isa = PBXFileReference; lastKnownFileType = sourcecode.swift; path = TextFieldStyle.swift; sourceTree = "<group>"; };
		724C890E2690357C00ACA77B /* SimpleAuthorizationWithRest.app */ = {isa = PBXFileReference; explicitFileType = wrapper.application; includeInIndex = 0; path = SimpleAuthorizationWithRest.app; sourceTree = BUILT_PRODUCTS_DIR; };
		724C89112690357C00ACA77B /* AppDelegate.swift */ = {isa = PBXFileReference; lastKnownFileType = sourcecode.swift; path = AppDelegate.swift; sourceTree = "<group>"; };
		724C89132690357C00ACA77B /* SceneDelegate.swift */ = {isa = PBXFileReference; lastKnownFileType = sourcecode.swift; path = SceneDelegate.swift; sourceTree = "<group>"; };
		724C89152690357C00ACA77B /* ViewController.swift */ = {isa = PBXFileReference; lastKnownFileType = sourcecode.swift; path = ViewController.swift; sourceTree = "<group>"; };
		724C89182690357C00ACA77B /* Base */ = {isa = PBXFileReference; lastKnownFileType = file.storyboard; name = Base; path = Base.lproj/Main.storyboard; sourceTree = "<group>"; };
		724C891A2690357D00ACA77B /* Assets.xcassets */ = {isa = PBXFileReference; lastKnownFileType = folder.assetcatalog; path = Assets.xcassets; sourceTree = "<group>"; };
		724C891D2690357D00ACA77B /* Base */ = {isa = PBXFileReference; lastKnownFileType = file.storyboard; name = Base; path = Base.lproj/LaunchScreen.storyboard; sourceTree = "<group>"; };
		724C891F2690357D00ACA77B /* Info.plist */ = {isa = PBXFileReference; lastKnownFileType = text.plist.xml; path = Info.plist; sourceTree = "<group>"; };
		724C89242690357D00ACA77B /* SimpleAuthorizationWithRestTests.xctest */ = {isa = PBXFileReference; explicitFileType = wrapper.cfbundle; includeInIndex = 0; path = SimpleAuthorizationWithRestTests.xctest; sourceTree = BUILT_PRODUCTS_DIR; };
		724C89282690357D00ACA77B /* SimpleAuthorizationWithRestTests.swift */ = {isa = PBXFileReference; lastKnownFileType = sourcecode.swift; path = SimpleAuthorizationWithRestTests.swift; sourceTree = "<group>"; };
		724C892A2690357D00ACA77B /* Info.plist */ = {isa = PBXFileReference; lastKnownFileType = text.plist.xml; path = Info.plist; sourceTree = "<group>"; };
		724C892F2690357D00ACA77B /* SimpleAuthorizationWithRestUITests.xctest */ = {isa = PBXFileReference; explicitFileType = wrapper.cfbundle; includeInIndex = 0; path = SimpleAuthorizationWithRestUITests.xctest; sourceTree = BUILT_PRODUCTS_DIR; };
		724C89352690357D00ACA77B /* Info.plist */ = {isa = PBXFileReference; lastKnownFileType = text.plist.xml; path = Info.plist; sourceTree = "<group>"; };
		72667BE326A9820800DFCF90 /* SimpleLoginTest.swift */ = {isa = PBXFileReference; lastKnownFileType = sourcecode.swift; path = SimpleLoginTest.swift; sourceTree = "<group>"; };
		7266E4D72696FF830084E6CC /* HomeViewController.swift */ = {isa = PBXFileReference; lastKnownFileType = sourcecode.swift; path = HomeViewController.swift; sourceTree = "<group>"; };
		7266E4E1269701780084E6CC /* Constants.swift */ = {isa = PBXFileReference; lastKnownFileType = sourcecode.swift; path = Constants.swift; sourceTree = "<group>"; };
		72DCB6622692599500631980 /* HelperApi.swift */ = {isa = PBXFileReference; lastKnownFileType = sourcecode.swift; path = HelperApi.swift; sourceTree = "<group>"; };
		72FA082E26983E1A00A6879B /* UserToken.swift */ = {isa = PBXFileReference; lastKnownFileType = sourcecode.swift; path = UserToken.swift; sourceTree = "<group>"; };
		832960DD696C0E2F6DC8A753 /* Pods-SimpleAuthorizationWithRestTests.release.xcconfig */ = {isa = PBXFileReference; includeInIndex = 1; lastKnownFileType = text.xcconfig; name = "Pods-SimpleAuthorizationWithRestTests.release.xcconfig"; path = "Target Support Files/Pods-SimpleAuthorizationWithRestTests/Pods-SimpleAuthorizationWithRestTests.release.xcconfig"; sourceTree = "<group>"; };
		C28B8EFFC650D7AF9C57B7DB /* Pods_SimpleAuthorizationWithRest_SimpleAuthorizationWithRestUITests.framework */ = {isa = PBXFileReference; explicitFileType = wrapper.framework; includeInIndex = 0; path = Pods_SimpleAuthorizationWithRest_SimpleAuthorizationWithRestUITests.framework; sourceTree = BUILT_PRODUCTS_DIR; };
		D24AF148B9BE68598CEA2FCC /* Pods-SimpleAuthorizationWithRest-SimpleAuthorizationWithRestUITests.debug.xcconfig */ = {isa = PBXFileReference; includeInIndex = 1; lastKnownFileType = text.xcconfig; name = "Pods-SimpleAuthorizationWithRest-SimpleAuthorizationWithRestUITests.debug.xcconfig"; path = "Target Support Files/Pods-SimpleAuthorizationWithRest-SimpleAuthorizationWithRestUITests/Pods-SimpleAuthorizationWithRest-SimpleAuthorizationWithRestUITests.debug.xcconfig"; sourceTree = "<group>"; };
		FA0B48DF183FF2B9AD2A9AD0 /* Pods-SimpleAuthorizationWithRest.debug.xcconfig */ = {isa = PBXFileReference; includeInIndex = 1; lastKnownFileType = text.xcconfig; name = "Pods-SimpleAuthorizationWithRest.debug.xcconfig"; path = "Target Support Files/Pods-SimpleAuthorizationWithRest/Pods-SimpleAuthorizationWithRest.debug.xcconfig"; sourceTree = "<group>"; };
/* End PBXFileReference section */

/* Begin PBXFrameworksBuildPhase section */
		724C890B2690357C00ACA77B /* Frameworks */ = {
			isa = PBXFrameworksBuildPhase;
			buildActionMask = 2147483647;
			files = (
				3AC9F963653096278979B6FD /* Pods_SimpleAuthorizationWithRest.framework in Frameworks */,
				72DCB67726925A1B00631980 /* Alamofire in Frameworks */,
			);
			runOnlyForDeploymentPostprocessing = 0;
		};
		724C89212690357D00ACA77B /* Frameworks */ = {
			isa = PBXFrameworksBuildPhase;
			buildActionMask = 2147483647;
			files = (
				515EDEE0282A8043D5C84354 /* Pods_SimpleAuthorizationWithRestTests.framework in Frameworks */,
			);
			runOnlyForDeploymentPostprocessing = 0;
		};
		724C892C2690357D00ACA77B /* Frameworks */ = {
			isa = PBXFrameworksBuildPhase;
			buildActionMask = 2147483647;
			files = (
				54835E4B77E1B4E0B1522B7C /* Pods_SimpleAuthorizationWithRest_SimpleAuthorizationWithRestUITests.framework in Frameworks */,
			);
			runOnlyForDeploymentPostprocessing = 0;
		};
/* End PBXFrameworksBuildPhase section */

/* Begin PBXGroup section */
		39D1E50981DE5A11EB89563F /* Pods */ = {
			isa = PBXGroup;
			children = (
				FA0B48DF183FF2B9AD2A9AD0 /* Pods-SimpleAuthorizationWithRest.debug.xcconfig */,
				44B1A4BEF8E850140A41C935 /* Pods-SimpleAuthorizationWithRest.release.xcconfig */,
				D24AF148B9BE68598CEA2FCC /* Pods-SimpleAuthorizationWithRest-SimpleAuthorizationWithRestUITests.debug.xcconfig */,
				326E3A9FFC8085CF9D853A06 /* Pods-SimpleAuthorizationWithRest-SimpleAuthorizationWithRestUITests.release.xcconfig */,
				4A38A61F42B7005A9D0A3F10 /* Pods-SimpleAuthorizationWithRestTests.debug.xcconfig */,
				832960DD696C0E2F6DC8A753 /* Pods-SimpleAuthorizationWithRestTests.release.xcconfig */,
			);
			path = Pods;
			sourceTree = "<group>";
		};
		66FDB58D22AC5D744B2137E8 /* Frameworks */ = {
			isa = PBXGroup;
			children = (
				1D9032183BD82D997E9CC269 /* Pods_SimpleAuthorizationWithRest.framework */,
				C28B8EFFC650D7AF9C57B7DB /* Pods_SimpleAuthorizationWithRest_SimpleAuthorizationWithRestUITests.framework */,
				6F5AF2F4711B17077F17A58D /* Pods_SimpleAuthorizationWithRestTests.framework */,
			);
			name = Frameworks;
			sourceTree = "<group>";
		};
		724C89052690357C00ACA77B = {
			isa = PBXGroup;
			children = (
				7266E4E0269701670084E6CC /* Helpers */,
				7266E4DC269700C40084E6CC /* ViewControllers */,
				724C89102690357C00ACA77B /* SimpleAuthorizationWithRest */,
				724C89272690357D00ACA77B /* SimpleAuthorizationWithRestTests */,
				724C89322690357D00ACA77B /* SimpleAuthorizationWithRestUITests */,
				724C890F2690357C00ACA77B /* Products */,
				39D1E50981DE5A11EB89563F /* Pods */,
				66FDB58D22AC5D744B2137E8 /* Frameworks */,
			);
			sourceTree = "<group>";
		};
		724C890F2690357C00ACA77B /* Products */ = {
			isa = PBXGroup;
			children = (
				724C890E2690357C00ACA77B /* SimpleAuthorizationWithRest.app */,
				724C89242690357D00ACA77B /* SimpleAuthorizationWithRestTests.xctest */,
				724C892F2690357D00ACA77B /* SimpleAuthorizationWithRestUITests.xctest */,
			);
			name = Products;
			sourceTree = "<group>";
		};
		724C89102690357C00ACA77B /* SimpleAuthorizationWithRest */ = {
			isa = PBXGroup;
			children = (
				724C89112690357C00ACA77B /* AppDelegate.swift */,
				724C89132690357C00ACA77B /* SceneDelegate.swift */,
				724C89152690357C00ACA77B /* ViewController.swift */,
				724C89172690357C00ACA77B /* Main.storyboard */,
				724C891A2690357D00ACA77B /* Assets.xcassets */,
				724C891C2690357D00ACA77B /* LaunchScreen.storyboard */,
				724C891F2690357D00ACA77B /* Info.plist */,
				72DCB6622692599500631980 /* HelperApi.swift */,
			);
			path = SimpleAuthorizationWithRest;
			sourceTree = "<group>";
		};
		724C89272690357D00ACA77B /* SimpleAuthorizationWithRestTests */ = {
			isa = PBXGroup;
			children = (
				724C89282690357D00ACA77B /* SimpleAuthorizationWithRestTests.swift */,
				724C892A2690357D00ACA77B /* Info.plist */,
			);
			path = SimpleAuthorizationWithRestTests;
			sourceTree = "<group>";
		};
		724C89322690357D00ACA77B /* SimpleAuthorizationWithRestUITests */ = {
			isa = PBXGroup;
			children = (
				72667BE226A981DB00DFCF90 /* TestCases */,
				724C89352690357D00ACA77B /* Info.plist */,
			);
			path = SimpleAuthorizationWithRestUITests;
			sourceTree = "<group>";
		};
		72667BE226A981DB00DFCF90 /* TestCases */ = {
			isa = PBXGroup;
			children = (
				72667BE326A9820800DFCF90 /* SimpleLoginTest.swift */,
			);
			path = TestCases;
			sourceTree = "<group>";
		};
		7266E4DC269700C40084E6CC /* ViewControllers */ = {
			isa = PBXGroup;
			children = (
				7266E4D72696FF830084E6CC /* HomeViewController.swift */,
				7248A699269706B900A5C2D7 /* LoginViewController.swift */,
				7248A69E269706C600A5C2D7 /* SignUpViewController.swift */,
			);
			path = ViewControllers;
			sourceTree = "<group>";
		};
		7266E4E0269701670084E6CC /* Helpers */ = {
			isa = PBXGroup;
			children = (
				7266E4E1269701780084E6CC /* Constants.swift */,
				7248A694269703D200A5C2D7 /* Buttons.swift */,
				7248A6A3269707A900A5C2D7 /* TextFieldStyle.swift */,
				72FA082E26983E1A00A6879B /* UserToken.swift */,
				72020E8026999AF40073E147 /* UserStruct.swift */,
				72020E8B26999C6B0073E147 /* ResponseData.swift */,
			);
			path = Helpers;
			sourceTree = "<group>";
		};
/* End PBXGroup section */

/* Begin PBXNativeTarget section */
		724C890D2690357C00ACA77B /* SimpleAuthorizationWithRest */ = {
			isa = PBXNativeTarget;
			buildConfigurationList = 724C89382690357D00ACA77B /* Build configuration list for PBXNativeTarget "SimpleAuthorizationWithRest" */;
			buildPhases = (
				B419E868353F58B22A42F7C4 /* [CP] Check Pods Manifest.lock */,
				724C890A2690357C00ACA77B /* Sources */,
				724C890B2690357C00ACA77B /* Frameworks */,
				724C890C2690357C00ACA77B /* Resources */,
			);
			buildRules = (
			);
			dependencies = (
			);
			name = SimpleAuthorizationWithRest;
			packageProductDependencies = (
				72DCB67626925A1B00631980 /* Alamofire */,
			);
			productName = SimpleAuthorizationWithRest;
			productReference = 724C890E2690357C00ACA77B /* SimpleAuthorizationWithRest.app */;
			productType = "com.apple.product-type.application";
		};
		724C89232690357D00ACA77B /* SimpleAuthorizationWithRestTests */ = {
			isa = PBXNativeTarget;
			buildConfigurationList = 724C893B2690357D00ACA77B /* Build configuration list for PBXNativeTarget "SimpleAuthorizationWithRestTests" */;
			buildPhases = (
				447E1142ED44BF0077593DEB /* [CP] Check Pods Manifest.lock */,
				724C89202690357D00ACA77B /* Sources */,
				724C89212690357D00ACA77B /* Frameworks */,
				724C89222690357D00ACA77B /* Resources */,
				68E637A56C72104C199EFA39 /* [CP] Embed Pods Frameworks */,
			);
			buildRules = (
			);
			dependencies = (
				724C89262690357D00ACA77B /* PBXTargetDependency */,
			);
			name = SimpleAuthorizationWithRestTests;
			productName = SimpleAuthorizationWithRestTests;
			productReference = 724C89242690357D00ACA77B /* SimpleAuthorizationWithRestTests.xctest */;
			productType = "com.apple.product-type.bundle.unit-test";
		};
		724C892E2690357D00ACA77B /* SimpleAuthorizationWithRestUITests */ = {
			isa = PBXNativeTarget;
			buildConfigurationList = 724C893E2690357D00ACA77B /* Build configuration list for PBXNativeTarget "SimpleAuthorizationWithRestUITests" */;
			buildPhases = (
				2A85EA92EFC2849D61562D23 /* [CP] Check Pods Manifest.lock */,
				724C892B2690357D00ACA77B /* Sources */,
				724C892C2690357D00ACA77B /* Frameworks */,
				724C892D2690357D00ACA77B /* Resources */,
			);
			buildRules = (
			);
			dependencies = (
				724C89312690357D00ACA77B /* PBXTargetDependency */,
			);
			name = SimpleAuthorizationWithRestUITests;
			productName = SimpleAuthorizationWithRestUITests;
			productReference = 724C892F2690357D00ACA77B /* SimpleAuthorizationWithRestUITests.xctest */;
			productType = "com.apple.product-type.bundle.ui-testing";
		};
/* End PBXNativeTarget section */

/* Begin PBXProject section */
		724C89062690357C00ACA77B /* Project object */ = {
			isa = PBXProject;
			attributes = {
				LastSwiftUpdateCheck = 1200;
				LastUpgradeCheck = 1200;
				TargetAttributes = {
					724C890D2690357C00ACA77B = {
						CreatedOnToolsVersion = 12.0;
					};
					724C89232690357D00ACA77B = {
						CreatedOnToolsVersion = 12.0;
						TestTargetID = 724C890D2690357C00ACA77B;
					};
					724C892E2690357D00ACA77B = {
						CreatedOnToolsVersion = 12.0;
						TestTargetID = 724C890D2690357C00ACA77B;
					};
				};
			};
			buildConfigurationList = 724C89092690357C00ACA77B /* Build configuration list for PBXProject "SimpleAuthorizationWithRest" */;
			compatibilityVersion = "Xcode 9.3";
			developmentRegion = en;
			hasScannedForEncodings = 0;
			knownRegions = (
				en,
				Base,
			);
			mainGroup = 724C89052690357C00ACA77B;
			packageReferences = (
				72DCB67526925A1B00631980 /* XCRemoteSwiftPackageReference "Alamofire" */,
			);
			productRefGroup = 724C890F2690357C00ACA77B /* Products */;
			projectDirPath = "";
			projectRoot = "";
			targets = (
				724C890D2690357C00ACA77B /* SimpleAuthorizationWithRest */,
				724C89232690357D00ACA77B /* SimpleAuthorizationWithRestTests */,
				724C892E2690357D00ACA77B /* SimpleAuthorizationWithRestUITests */,
			);
		};
/* End PBXProject section */

/* Begin PBXResourcesBuildPhase section */
		724C890C2690357C00ACA77B /* Resources */ = {
			isa = PBXResourcesBuildPhase;
			buildActionMask = 2147483647;
			files = (
				724C891E2690357D00ACA77B /* LaunchScreen.storyboard in Resources */,
				724C891B2690357D00ACA77B /* Assets.xcassets in Resources */,
				724C89192690357C00ACA77B /* Main.storyboard in Resources */,
			);
			runOnlyForDeploymentPostprocessing = 0;
		};
		724C89222690357D00ACA77B /* Resources */ = {
			isa = PBXResourcesBuildPhase;
			buildActionMask = 2147483647;
			files = (
			);
			runOnlyForDeploymentPostprocessing = 0;
		};
		724C892D2690357D00ACA77B /* Resources */ = {
			isa = PBXResourcesBuildPhase;
			buildActionMask = 2147483647;
			files = (
			);
			runOnlyForDeploymentPostprocessing = 0;
		};
/* End PBXResourcesBuildPhase section */

/* Begin PBXShellScriptBuildPhase section */
		2A85EA92EFC2849D61562D23 /* [CP] Check Pods Manifest.lock */ = {
			isa = PBXShellScriptBuildPhase;
			buildActionMask = 2147483647;
			files = (
			);
			inputFileListPaths = (
			);
			inputPaths = (
				"${PODS_PODFILE_DIR_PATH}/Podfile.lock",
				"${PODS_ROOT}/Manifest.lock",
			);
			name = "[CP] Check Pods Manifest.lock";
			outputFileListPaths = (
			);
			outputPaths = (
				"$(DERIVED_FILE_DIR)/Pods-SimpleAuthorizationWithRest-SimpleAuthorizationWithRestUITests-checkManifestLockResult.txt",
			);
			runOnlyForDeploymentPostprocessing = 0;
			shellPath = /bin/sh;
			shellScript = "diff \"${PODS_PODFILE_DIR_PATH}/Podfile.lock\" \"${PODS_ROOT}/Manifest.lock\" > /dev/null\nif [ $? != 0 ] ; then\n    # print error to STDERR\n    echo \"error: The sandbox is not in sync with the Podfile.lock. Run 'pod install' or update your CocoaPods installation.\" >&2\n    exit 1\nfi\n# This output is used by Xcode 'outputs' to avoid re-running this script phase.\necho \"SUCCESS\" > \"${SCRIPT_OUTPUT_FILE_0}\"\n";
			showEnvVarsInLog = 0;
		};
		447E1142ED44BF0077593DEB /* [CP] Check Pods Manifest.lock */ = {
			isa = PBXShellScriptBuildPhase;
			buildActionMask = 2147483647;
			files = (
			);
			inputFileListPaths = (
			);
			inputPaths = (
				"${PODS_PODFILE_DIR_PATH}/Podfile.lock",
				"${PODS_ROOT}/Manifest.lock",
			);
			name = "[CP] Check Pods Manifest.lock";
			outputFileListPaths = (
			);
			outputPaths = (
				"$(DERIVED_FILE_DIR)/Pods-SimpleAuthorizationWithRestTests-checkManifestLockResult.txt",
			);
			runOnlyForDeploymentPostprocessing = 0;
			shellPath = /bin/sh;
			shellScript = "diff \"${PODS_PODFILE_DIR_PATH}/Podfile.lock\" \"${PODS_ROOT}/Manifest.lock\" > /dev/null\nif [ $? != 0 ] ; then\n    # print error to STDERR\n    echo \"error: The sandbox is not in sync with the Podfile.lock. Run 'pod install' or update your CocoaPods installation.\" >&2\n    exit 1\nfi\n# This output is used by Xcode 'outputs' to avoid re-running this script phase.\necho \"SUCCESS\" > \"${SCRIPT_OUTPUT_FILE_0}\"\n";
			showEnvVarsInLog = 0;
		};
		68E637A56C72104C199EFA39 /* [CP] Embed Pods Frameworks */ = {
			isa = PBXShellScriptBuildPhase;
			buildActionMask = 2147483647;
			files = (
			);
			inputFileListPaths = (
				"${PODS_ROOT}/Target Support Files/Pods-SimpleAuthorizationWithRestTests/Pods-SimpleAuthorizationWithRestTests-frameworks-${CONFIGURATION}-input-files.xcfilelist",
			);
			name = "[CP] Embed Pods Frameworks";
			outputFileListPaths = (
				"${PODS_ROOT}/Target Support Files/Pods-SimpleAuthorizationWithRestTests/Pods-SimpleAuthorizationWithRestTests-frameworks-${CONFIGURATION}-output-files.xcfilelist",
			);
			runOnlyForDeploymentPostprocessing = 0;
			shellPath = /bin/sh;
			shellScript = "\"${PODS_ROOT}/Target Support Files/Pods-SimpleAuthorizationWithRestTests/Pods-SimpleAuthorizationWithRestTests-frameworks.sh\"\n";
			showEnvVarsInLog = 0;
		};
		B419E868353F58B22A42F7C4 /* [CP] Check Pods Manifest.lock */ = {
			isa = PBXShellScriptBuildPhase;
			buildActionMask = 2147483647;
			files = (
			);
			inputFileListPaths = (
			);
			inputPaths = (
				"${PODS_PODFILE_DIR_PATH}/Podfile.lock",
				"${PODS_ROOT}/Manifest.lock",
			);
			name = "[CP] Check Pods Manifest.lock";
			outputFileListPaths = (
			);
			outputPaths = (
				"$(DERIVED_FILE_DIR)/Pods-SimpleAuthorizationWithRest-checkManifestLockResult.txt",
			);
			runOnlyForDeploymentPostprocessing = 0;
			shellPath = /bin/sh;
			shellScript = "diff \"${PODS_PODFILE_DIR_PATH}/Podfile.lock\" \"${PODS_ROOT}/Manifest.lock\" > /dev/null\nif [ $? != 0 ] ; then\n    # print error to STDERR\n    echo \"error: The sandbox is not in sync with the Podfile.lock. Run 'pod install' or update your CocoaPods installation.\" >&2\n    exit 1\nfi\n# This output is used by Xcode 'outputs' to avoid re-running this script phase.\necho \"SUCCESS\" > \"${SCRIPT_OUTPUT_FILE_0}\"\n";
			showEnvVarsInLog = 0;
		};
/* End PBXShellScriptBuildPhase section */

/* Begin PBXSourcesBuildPhase section */
		724C890A2690357C00ACA77B /* Sources */ = {
			isa = PBXSourcesBuildPhase;
			buildActionMask = 2147483647;
			files = (
				7248A695269703D200A5C2D7 /* Buttons.swift in Sources */,
				72020E8126999AF40073E147 /* UserStruct.swift in Sources */,
				7266E4D82696FF830084E6CC /* HomeViewController.swift in Sources */,
				72DCB6632692599500631980 /* HelperApi.swift in Sources */,
				7248A6A4269707A900A5C2D7 /* TextFieldStyle.swift in Sources */,
				724C89162690357C00ACA77B /* ViewController.swift in Sources */,
				72020E8C26999C6B0073E147 /* ResponseData.swift in Sources */,
				7248A69A269706B900A5C2D7 /* LoginViewController.swift in Sources */,
				724C89122690357C00ACA77B /* AppDelegate.swift in Sources */,
				72FA082F26983E1A00A6879B /* UserToken.swift in Sources */,
				7248A69F269706C600A5C2D7 /* SignUpViewController.swift in Sources */,
				724C89142690357C00ACA77B /* SceneDelegate.swift in Sources */,
				7266E4E2269701780084E6CC /* Constants.swift in Sources */,
			);
			runOnlyForDeploymentPostprocessing = 0;
		};
		724C89202690357D00ACA77B /* Sources */ = {
			isa = PBXSourcesBuildPhase;
			buildActionMask = 2147483647;
			files = (
				724C89292690357D00ACA77B /* SimpleAuthorizationWithRestTests.swift in Sources */,
			);
			runOnlyForDeploymentPostprocessing = 0;
		};
		724C892B2690357D00ACA77B /* Sources */ = {
			isa = PBXSourcesBuildPhase;
			buildActionMask = 2147483647;
			files = (
				72667BE426A9820800DFCF90 /* SimpleLoginTest.swift in Sources */,
			);
			runOnlyForDeploymentPostprocessing = 0;
		};
/* End PBXSourcesBuildPhase section */

/* Begin PBXTargetDependency section */
		724C89262690357D00ACA77B /* PBXTargetDependency */ = {
			isa = PBXTargetDependency;
			target = 724C890D2690357C00ACA77B /* SimpleAuthorizationWithRest */;
			targetProxy = 724C89252690357D00ACA77B /* PBXContainerItemProxy */;
		};
		724C89312690357D00ACA77B /* PBXTargetDependency */ = {
			isa = PBXTargetDependency;
			target = 724C890D2690357C00ACA77B /* SimpleAuthorizationWithRest */;
			targetProxy = 724C89302690357D00ACA77B /* PBXContainerItemProxy */;
		};
/* End PBXTargetDependency section */

/* Begin PBXVariantGroup section */
		724C89172690357C00ACA77B /* Main.storyboard */ = {
			isa = PBXVariantGroup;
			children = (
				724C89182690357C00ACA77B /* Base */,
			);
			name = Main.storyboard;
			sourceTree = "<group>";
		};
		724C891C2690357D00ACA77B /* LaunchScreen.storyboard */ = {
			isa = PBXVariantGroup;
			children = (
				724C891D2690357D00ACA77B /* Base */,
			);
			name = LaunchScreen.storyboard;
			sourceTree = "<group>";
		};
/* End PBXVariantGroup section */

/* Begin XCBuildConfiguration section */
		724C89362690357D00ACA77B /* Debug */ = {
			isa = XCBuildConfiguration;
			buildSettings = {
				ALWAYS_SEARCH_USER_PATHS = NO;
				CLANG_ANALYZER_NONNULL = YES;
				CLANG_ANALYZER_NUMBER_OBJECT_CONVERSION = YES_AGGRESSIVE;
				CLANG_CXX_LANGUAGE_STANDARD = "gnu++14";
				CLANG_CXX_LIBRARY = "libc++";
				CLANG_ENABLE_MODULES = YES;
				CLANG_ENABLE_OBJC_ARC = YES;
				CLANG_ENABLE_OBJC_WEAK = YES;
				CLANG_WARN_BLOCK_CAPTURE_AUTORELEASING = YES;
				CLANG_WARN_BOOL_CONVERSION = YES;
				CLANG_WARN_COMMA = YES;
				CLANG_WARN_CONSTANT_CONVERSION = YES;
				CLANG_WARN_DEPRECATED_OBJC_IMPLEMENTATIONS = YES;
				CLANG_WARN_DIRECT_OBJC_ISA_USAGE = YES_ERROR;
				CLANG_WARN_DOCUMENTATION_COMMENTS = YES;
				CLANG_WARN_EMPTY_BODY = YES;
				CLANG_WARN_ENUM_CONVERSION = YES;
				CLANG_WARN_INFINITE_RECURSION = YES;
				CLANG_WARN_INT_CONVERSION = YES;
				CLANG_WARN_NON_LITERAL_NULL_CONVERSION = YES;
				CLANG_WARN_OBJC_IMPLICIT_RETAIN_SELF = YES;
				CLANG_WARN_OBJC_LITERAL_CONVERSION = YES;
				CLANG_WARN_OBJC_ROOT_CLASS = YES_ERROR;
				CLANG_WARN_QUOTED_INCLUDE_IN_FRAMEWORK_HEADER = YES;
				CLANG_WARN_RANGE_LOOP_ANALYSIS = YES;
				CLANG_WARN_STRICT_PROTOTYPES = YES;
				CLANG_WARN_SUSPICIOUS_MOVE = YES;
				CLANG_WARN_UNGUARDED_AVAILABILITY = YES_AGGRESSIVE;
				CLANG_WARN_UNREACHABLE_CODE = YES;
				CLANG_WARN__DUPLICATE_METHOD_MATCH = YES;
				COPY_PHASE_STRIP = NO;
				DEBUG_INFORMATION_FORMAT = dwarf;
				ENABLE_STRICT_OBJC_MSGSEND = YES;
				ENABLE_TESTABILITY = YES;
				GCC_C_LANGUAGE_STANDARD = gnu11;
				GCC_DYNAMIC_NO_PIC = NO;
				GCC_NO_COMMON_BLOCKS = YES;
				GCC_OPTIMIZATION_LEVEL = 0;
				GCC_PREPROCESSOR_DEFINITIONS = (
					"DEBUG=1",
					"$(inherited)",
				);
				GCC_WARN_64_TO_32_BIT_CONVERSION = YES;
				GCC_WARN_ABOUT_RETURN_TYPE = YES_ERROR;
				GCC_WARN_UNDECLARED_SELECTOR = YES;
				GCC_WARN_UNINITIALIZED_AUTOS = YES_AGGRESSIVE;
				GCC_WARN_UNUSED_FUNCTION = YES;
				GCC_WARN_UNUSED_VARIABLE = YES;
				IPHONEOS_DEPLOYMENT_TARGET = 14.0;
				MTL_ENABLE_DEBUG_INFO = INCLUDE_SOURCE;
				MTL_FAST_MATH = YES;
				ONLY_ACTIVE_ARCH = YES;
				SDKROOT = iphoneos;
				SWIFT_ACTIVE_COMPILATION_CONDITIONS = DEBUG;
				SWIFT_OPTIMIZATION_LEVEL = "-Onone";
			};
			name = Debug;
		};
		724C89372690357D00ACA77B /* Release */ = {
			isa = XCBuildConfiguration;
			buildSettings = {
				ALWAYS_SEARCH_USER_PATHS = NO;
				CLANG_ANALYZER_NONNULL = YES;
				CLANG_ANALYZER_NUMBER_OBJECT_CONVERSION = YES_AGGRESSIVE;
				CLANG_CXX_LANGUAGE_STANDARD = "gnu++14";
				CLANG_CXX_LIBRARY = "libc++";
				CLANG_ENABLE_MODULES = YES;
				CLANG_ENABLE_OBJC_ARC = YES;
				CLANG_ENABLE_OBJC_WEAK = YES;
				CLANG_WARN_BLOCK_CAPTURE_AUTORELEASING = YES;
				CLANG_WARN_BOOL_CONVERSION = YES;
				CLANG_WARN_COMMA = YES;
				CLANG_WARN_CONSTANT_CONVERSION = YES;
				CLANG_WARN_DEPRECATED_OBJC_IMPLEMENTATIONS = YES;
				CLANG_WARN_DIRECT_OBJC_ISA_USAGE = YES_ERROR;
				CLANG_WARN_DOCUMENTATION_COMMENTS = YES;
				CLANG_WARN_EMPTY_BODY = YES;
				CLANG_WARN_ENUM_CONVERSION = YES;
				CLANG_WARN_INFINITE_RECURSION = YES;
				CLANG_WARN_INT_CONVERSION = YES;
				CLANG_WARN_NON_LITERAL_NULL_CONVERSION = YES;
				CLANG_WARN_OBJC_IMPLICIT_RETAIN_SELF = YES;
				CLANG_WARN_OBJC_LITERAL_CONVERSION = YES;
				CLANG_WARN_OBJC_ROOT_CLASS = YES_ERROR;
				CLANG_WARN_QUOTED_INCLUDE_IN_FRAMEWORK_HEADER = YES;
				CLANG_WARN_RANGE_LOOP_ANALYSIS = YES;
				CLANG_WARN_STRICT_PROTOTYPES = YES;
				CLANG_WARN_SUSPICIOUS_MOVE = YES;
				CLANG_WARN_UNGUARDED_AVAILABILITY = YES_AGGRESSIVE;
				CLANG_WARN_UNREACHABLE_CODE = YES;
				CLANG_WARN__DUPLICATE_METHOD_MATCH = YES;
				COPY_PHASE_STRIP = NO;
				DEBUG_INFORMATION_FORMAT = "dwarf-with-dsym";
				ENABLE_NS_ASSERTIONS = NO;
				ENABLE_STRICT_OBJC_MSGSEND = YES;
				GCC_C_LANGUAGE_STANDARD = gnu11;
				GCC_NO_COMMON_BLOCKS = YES;
				GCC_WARN_64_TO_32_BIT_CONVERSION = YES;
				GCC_WARN_ABOUT_RETURN_TYPE = YES_ERROR;
				GCC_WARN_UNDECLARED_SELECTOR = YES;
				GCC_WARN_UNINITIALIZED_AUTOS = YES_AGGRESSIVE;
				GCC_WARN_UNUSED_FUNCTION = YES;
				GCC_WARN_UNUSED_VARIABLE = YES;
				IPHONEOS_DEPLOYMENT_TARGET = 14.0;
				MTL_ENABLE_DEBUG_INFO = NO;
				MTL_FAST_MATH = YES;
				SDKROOT = iphoneos;
				SWIFT_COMPILATION_MODE = wholemodule;
				SWIFT_OPTIMIZATION_LEVEL = "-O";
				VALIDATE_PRODUCT = YES;
			};
			name = Release;
		};
		724C89392690357D00ACA77B /* Debug */ = {
			isa = XCBuildConfiguration;
			baseConfigurationReference = FA0B48DF183FF2B9AD2A9AD0 /* Pods-SimpleAuthorizationWithRest.debug.xcconfig */;
			buildSettings = {
				ASSETCATALOG_COMPILER_APPICON_NAME = AppIcon;
				ASSETCATALOG_COMPILER_GLOBAL_ACCENT_COLOR_NAME = AccentColor;
				CODE_SIGN_STYLE = Automatic;
				DEVELOPMENT_TEAM = B5T9HL953S;
				INFOPLIST_FILE = SimpleAuthorizationWithRest/Info.plist;
				LD_RUNPATH_SEARCH_PATHS = (
					"$(inherited)",
					"@executable_path/Frameworks",
				);
				PRODUCT_BUNDLE_IDENTIFIER = NordTunes.SimpleAuthorizationWithRest;
				PRODUCT_NAME = "$(TARGET_NAME)";
				SWIFT_VERSION = 5.0;
				TARGETED_DEVICE_FAMILY = "1,2";
			};
			name = Debug;
		};
		724C893A2690357D00ACA77B /* Release */ = {
			isa = XCBuildConfiguration;
			baseConfigurationReference = 44B1A4BEF8E850140A41C935 /* Pods-SimpleAuthorizationWithRest.release.xcconfig */;
			buildSettings = {
				ASSETCATALOG_COMPILER_APPICON_NAME = AppIcon;
				ASSETCATALOG_COMPILER_GLOBAL_ACCENT_COLOR_NAME = AccentColor;
				CODE_SIGN_STYLE = Automatic;
				DEVELOPMENT_TEAM = B5T9HL953S;
				INFOPLIST_FILE = SimpleAuthorizationWithRest/Info.plist;
				LD_RUNPATH_SEARCH_PATHS = (
					"$(inherited)",
					"@executable_path/Frameworks",
				);
				PRODUCT_BUNDLE_IDENTIFIER = NordTunes.SimpleAuthorizationWithRest;
				PRODUCT_NAME = "$(TARGET_NAME)";
				SWIFT_VERSION = 5.0;
				TARGETED_DEVICE_FAMILY = "1,2";
			};
			name = Release;
		};
		724C893C2690357D00ACA77B /* Debug */ = {
			isa = XCBuildConfiguration;
			baseConfigurationReference = 4A38A61F42B7005A9D0A3F10 /* Pods-SimpleAuthorizationWithRestTests.debug.xcconfig */;
			buildSettings = {
				ALWAYS_EMBED_SWIFT_STANDARD_LIBRARIES = YES;
				BUNDLE_LOADER = "$(TEST_HOST)";
				CODE_SIGN_STYLE = Automatic;
				DEVELOPMENT_TEAM = B5T9HL953S;
				INFOPLIST_FILE = SimpleAuthorizationWithRestTests/Info.plist;
				IPHONEOS_DEPLOYMENT_TARGET = 14.0;
				LD_RUNPATH_SEARCH_PATHS = (
					"$(inherited)",
					"@executable_path/Frameworks",
					"@loader_path/Frameworks",
				);
				PRODUCT_BUNDLE_IDENTIFIER = NordTunes.SimpleAuthorizationWithRestTests;
				PRODUCT_NAME = "$(TARGET_NAME)";
				SWIFT_VERSION = 5.0;
				TARGETED_DEVICE_FAMILY = "1,2";
				TEST_HOST = "$(BUILT_PRODUCTS_DIR)/SimpleAuthorizationWithRest.app/SimpleAuthorizationWithRest";
			};
			name = Debug;
		};
		724C893D2690357D00ACA77B /* Release */ = {
			isa = XCBuildConfiguration;
			baseConfigurationReference = 832960DD696C0E2F6DC8A753 /* Pods-SimpleAuthorizationWithRestTests.release.xcconfig */;
			buildSettings = {
				ALWAYS_EMBED_SWIFT_STANDARD_LIBRARIES = YES;
				BUNDLE_LOADER = "$(TEST_HOST)";
				CODE_SIGN_STYLE = Automatic;
				DEVELOPMENT_TEAM = B5T9HL953S;
				INFOPLIST_FILE = SimpleAuthorizationWithRestTests/Info.plist;
				IPHONEOS_DEPLOYMENT_TARGET = 14.0;
				LD_RUNPATH_SEARCH_PATHS = (
					"$(inherited)",
					"@executable_path/Frameworks",
					"@loader_path/Frameworks",
				);
				PRODUCT_BUNDLE_IDENTIFIER = NordTunes.SimpleAuthorizationWithRestTests;
				PRODUCT_NAME = "$(TARGET_NAME)";
				SWIFT_VERSION = 5.0;
				TARGETED_DEVICE_FAMILY = "1,2";
				TEST_HOST = "$(BUILT_PRODUCTS_DIR)/SimpleAuthorizationWithRest.app/SimpleAuthorizationWithRest";
			};
			name = Release;
		};
		724C893F2690357D00ACA77B /* Debug */ = {
			isa = XCBuildConfiguration;
			baseConfigurationReference = D24AF148B9BE68598CEA2FCC /* Pods-SimpleAuthorizationWithRest-SimpleAuthorizationWithRestUITests.debug.xcconfig */;
			buildSettings = {
				ALWAYS_EMBED_SWIFT_STANDARD_LIBRARIES = YES;
				CODE_SIGN_STYLE = Automatic;
				DEVELOPMENT_TEAM = B5T9HL953S;
				INFOPLIST_FILE = SimpleAuthorizationWithRestUITests/Info.plist;
				LD_RUNPATH_SEARCH_PATHS = (
					"$(inherited)",
					"@executable_path/Frameworks",
					"@loader_path/Frameworks",
				);
				PRODUCT_BUNDLE_IDENTIFIER = NordTunes.SimpleAuthorizationWithRestUITests;
				PRODUCT_NAME = "$(TARGET_NAME)";
				SWIFT_VERSION = 5.0;
				TARGETED_DEVICE_FAMILY = "1,2";
				TEST_TARGET_NAME = SimpleAuthorizationWithRest;
			};
			name = Debug;
		};
		724C89402690357D00ACA77B /* Release */ = {
			isa = XCBuildConfiguration;
			baseConfigurationReference = 326E3A9FFC8085CF9D853A06 /* Pods-SimpleAuthorizationWithRest-SimpleAuthorizationWithRestUITests.release.xcconfig */;
			buildSettings = {
				ALWAYS_EMBED_SWIFT_STANDARD_LIBRARIES = YES;
				CODE_SIGN_STYLE = Automatic;
				DEVELOPMENT_TEAM = B5T9HL953S;
				INFOPLIST_FILE = SimpleAuthorizationWithRestUITests/Info.plist;
				LD_RUNPATH_SEARCH_PATHS = (
					"$(inherited)",
					"@executable_path/Frameworks",
					"@loader_path/Frameworks",
				);
				PRODUCT_BUNDLE_IDENTIFIER = NordTunes.SimpleAuthorizationWithRestUITests;
				PRODUCT_NAME = "$(TARGET_NAME)";
				SWIFT_VERSION = 5.0;
				TARGETED_DEVICE_FAMILY = "1,2";
				TEST_TARGET_NAME = SimpleAuthorizationWithRest;
			};
			name = Release;
		};
/* End XCBuildConfiguration section */

/* Begin XCConfigurationList section */
		724C89092690357C00ACA77B /* Build configuration list for PBXProject "SimpleAuthorizationWithRest" */ = {
			isa = XCConfigurationList;
			buildConfigurations = (
				724C89362690357D00ACA77B /* Debug */,
				724C89372690357D00ACA77B /* Release */,
			);
			defaultConfigurationIsVisible = 0;
			defaultConfigurationName = Release;
		};
		724C89382690357D00ACA77B /* Build configuration list for PBXNativeTarget "SimpleAuthorizationWithRest" */ = {
			isa = XCConfigurationList;
			buildConfigurations = (
				724C89392690357D00ACA77B /* Debug */,
				724C893A2690357D00ACA77B /* Release */,
			);
			defaultConfigurationIsVisible = 0;
			defaultConfigurationName = Release;
		};
		724C893B2690357D00ACA77B /* Build configuration list for PBXNativeTarget "SimpleAuthorizationWithRestTests" */ = {
			isa = XCConfigurationList;
			buildConfigurations = (
				724C893C2690357D00ACA77B /* Debug */,
				724C893D2690357D00ACA77B /* Release */,
			);
			defaultConfigurationIsVisible = 0;
			defaultConfigurationName = Release;
		};
		724C893E2690357D00ACA77B /* Build configuration list for PBXNativeTarget "SimpleAuthorizationWithRestUITests" */ = {
			isa = XCConfigurationList;
			buildConfigurations = (
				724C893F2690357D00ACA77B /* Debug */,
				724C89402690357D00ACA77B /* Release */,
			);
			defaultConfigurationIsVisible = 0;
			defaultConfigurationName = Release;
		};
/* End XCConfigurationList section */

/* Begin XCRemoteSwiftPackageReference section */
		72DCB67526925A1B00631980 /* XCRemoteSwiftPackageReference "Alamofire" */ = {
			isa = XCRemoteSwiftPackageReference;
			repositoryURL = "https://github.com/Alamofire/Alamofire";
			requirement = {
				kind = upToNextMajorVersion;
				minimumVersion = 5.4.3;
			};
		};
/* End XCRemoteSwiftPackageReference section */

/* Begin XCSwiftPackageProductDependency section */
		72DCB67626925A1B00631980 /* Alamofire */ = {
			isa = XCSwiftPackageProductDependency;
			package = 72DCB67526925A1B00631980 /* XCRemoteSwiftPackageReference "Alamofire" */;
			productName = Alamofire;
		};
/* End XCSwiftPackageProductDependency section */
	};
	rootObject = 724C89062690357C00ACA77B /* Project object */;
}
